{
  "meteor": {},
  "dependencies": {
    "basePackages": {
      "iron-router-progress": {}
    },
    "packages": {
      "iron-router-progress": {
        "git": "https://github.com/Multiply/iron-router-progress.git",
        "tag": "v0.4.1",
        "commit": "496fcda9a6ec352b4733725f60c6f280250c3541"
      }
    }
  }
}
